
Microsoft Visual Studio Solution File, Format Version 12.00
# Visual Studio 2012
VisualStudioVersion = 12.0.30324.0
MinimumVisualStudioVersion = 10.0.40219.1
Project("{FAE04EC0-301F-11D3-BF4B-00C04F79EFBC}") = "Jifs", "Jifs.Core\Jifs.csproj", "{01D130B4-F763-4F39-AF86-2B3B5EB95E95}"
EndProject
Project("{2150E333-8FDC-42A3-9474-1A3956D46DE8}") = "Platforms", "Platforms", "{BA4F52FA-E3B4-49B3-90DC-50C09307EFA7}"
EndProject
Project("{FAE04EC0-301F-11D3-BF4B-00C04F79EFBC}") = "Jifs.iOS", "Jifs.iOS\Jifs.iOS.csproj", "{F964BDFC-0556-4144-9868-E2103AAFA777}"
EndProject
Project("{FAE04EC0-301F-11D3-BF4B-00C04F79EFBC}") = "Jifs.Tests", "Jifs.Tests\Jifs.Tests.csproj", "{D06157C7-7F7F-4811-9AB5-36E626B5EDB9}"
EndProject
Global
	GlobalSection(SolutionConfigurationPlatforms) = preSolution
		Ad-Hoc|Any CPU = Ad-Hoc|Any CPU
		Ad-Hoc|iPhone = Ad-Hoc|iPhone
		Ad-Hoc|iPhoneSimulator = Ad-Hoc|iPhoneSimulator
		Ad-Hoc|Mixed Platforms = Ad-Hoc|Mixed Platforms
		AppStore|Any CPU = AppStore|Any CPU
		AppStore|iPhone = AppStore|iPhone
		AppStore|iPhoneSimulator = AppStore|iPhoneSimulator
		AppStore|Mixed Platforms = AppStore|Mixed Platforms
		Debug|Any CPU = Debug|Any CPU
		Debug|iPhone = Debug|iPhone
		Debug|iPhoneSimulator = Debug|iPhoneSimulator
		Debug|Mixed Platforms = Debug|Mixed Platforms
		Release|Any CPU = Release|Any CPU
		Release|iPhone = Release|iPhone
		Release|iPhoneSimulator = Release|iPhoneSimulator
		Release|Mixed Platforms = Release|Mixed Platforms
	EndGlobalSection
	GlobalSection(ProjectConfigurationPlatforms) = postSolution
		{01D130B4-F763-4F39-AF86-2B3B5EB95E95}.Ad-Hoc|Any CPU.ActiveCfg = Release|Any CPU
		{01D130B4-F763-4F39-AF86-2B3B5EB95E95}.Ad-Hoc|Any CPU.Build.0 = Release|Any CPU
		{01D130B4-F763-4F39-AF86-2B3B5EB95E95}.Ad-Hoc|iPhone.ActiveCfg = Release|Any CPU
		{01D130B4-F763-4F39-AF86-2B3B5EB95E95}.Ad-Hoc|iPhoneSimulator.ActiveCfg = Release|Any CPU
		{01D130B4-F763-4F39-AF86-2B3B5EB95E95}.Ad-Hoc|Mixed Platforms.ActiveCfg = Release|Any CPU
		{01D130B4-F763-4F39-AF86-2B3B5EB95E95}.Ad-Hoc|Mixed Platforms.Build.0 = Release|Any CPU
		{01D130B4-F763-4F39-AF86-2B3B5EB95E95}.AppStore|Any CPU.ActiveCfg = Release|Any CPU
		{01D130B4-F763-4F39-AF86-2B3B5EB95E95}.AppStore|Any CPU.Build.0 = Release|Any CPU
		{01D130B4-F763-4F39-AF86-2B3B5EB95E95}.AppStore|iPhone.ActiveCfg = Release|Any CPU
		{01D130B4-F763-4F39-AF86-2B3B5EB95E95}.AppStore|iPhoneSimulator.ActiveCfg = Release|Any CPU
		{01D130B4-F763-4F39-AF86-2B3B5EB95E95}.AppStore|Mixed Platforms.ActiveCfg = Release|Any CPU
		{01D130B4-F763-4F39-AF86-2B3B5EB95E95}.AppStore|Mixed Platforms.Build.0 = Release|Any CPU
		{01D130B4-F763-4F39-AF86-2B3B5EB95E95}.Debug|Any CPU.ActiveCfg = Debug|Any CPU
		{01D130B4-F763-4F39-AF86-2B3B5EB95E95}.Debug|Any CPU.Build.0 = Debug|Any CPU
		{01D130B4-F763-4F39-AF86-2B3B5EB95E95}.Debug|iPhone.ActiveCfg = Debug|Any CPU
		{01D130B4-F763-4F39-AF86-2B3B5EB95E95}.Debug|iPhoneSimulator.ActiveCfg = Debug|Any CPU
		{01D130B4-F763-4F39-AF86-2B3B5EB95E95}.Debug|Mixed Platforms.ActiveCfg = Debug|Any CPU
		{01D130B4-F763-4F39-AF86-2B3B5EB95E95}.Debug|Mixed Platforms.Build.0 = Debug|Any CPU
		{01D130B4-F763-4F39-AF86-2B3B5EB95E95}.Release|Any CPU.ActiveCfg = Release|Any CPU
		{01D130B4-F763-4F39-AF86-2B3B5EB95E95}.Release|Any CPU.Build.0 = Release|Any CPU
		{01D130B4-F763-4F39-AF86-2B3B5EB95E95}.Release|iPhone.ActiveCfg = Release|Any CPU
		{01D130B4-F763-4F39-AF86-2B3B5EB95E95}.Release|iPhoneSimulator.ActiveCfg = Release|Any CPU
		{01D130B4-F763-4F39-AF86-2B3B5EB95E95}.Release|Mixed Platforms.ActiveCfg = Release|Any CPU
		{01D130B4-F763-4F39-AF86-2B3B5EB95E95}.Release|Mixed Platforms.Build.0 = Release|Any CPU
		{D06157C7-7F7F-4811-9AB5-36E626B5EDB9}.Ad-Hoc|Any CPU.ActiveCfg = Release|Any CPU
		{D06157C7-7F7F-4811-9AB5-36E626B5EDB9}.Ad-Hoc|Any CPU.Build.0 = Release|Any CPU
		{D06157C7-7F7F-4811-9AB5-36E626B5EDB9}.Ad-Hoc|iPhone.ActiveCfg = Release|Any CPU
		{D06157C7-7F7F-4811-9AB5-36E626B5EDB9}.Ad-Hoc|iPhoneSimulator.ActiveCfg = Release|Any CPU
		{D06157C7-7F7F-4811-9AB5-36E626B5EDB9}.Ad-Hoc|Mixed Platforms.ActiveCfg = Release|Any CPU
		{D06157C7-7F7F-4811-9AB5-36E626B5EDB9}.Ad-Hoc|Mixed Platforms.Build.0 = Release|Any CPU
		{D06157C7-7F7F-4811-9AB5-36E626B5EDB9}.AppStore|Any CPU.ActiveCfg = Release|Any CPU
		{D06157C7-7F7F-4811-9AB5-36E626B5EDB9}.AppStore|Any CPU.Build.0 = Release|Any CPU
		{D06157C7-7F7F-4811-9AB5-36E626B5EDB9}.AppStore|iPhone.ActiveCfg = Release|Any CPU
		{D06157C7-7F7F-4811-9AB5-36E626B5EDB9}.AppStore|iPhoneSimulator.ActiveCfg = Release|Any CPU
		{D06157C7-7F7F-4811-9AB5-36E626B5EDB9}.AppStore|Mixed Platforms.ActiveCfg = Release|Any CPU
		{D06157C7-7F7F-4811-9AB5-36E626B5EDB9}.AppStore|Mixed Platforms.Build.0 = Release|Any CPU
		{D06157C7-7F7F-4811-9AB5-36E626B5EDB9}.Debug|Any CPU.ActiveCfg = Debug|Any CPU
		{D06157C7-7F7F-4811-9AB5-36E626B5EDB9}.Debug|Any CPU.Build.0 = Debug|Any CPU
		{D06157C7-7F7F-4811-9AB5-36E626B5EDB9}.Debug|iPhone.ActiveCfg = Debug|Any CPU
		{D06157C7-7F7F-4811-9AB5-36E626B5EDB9}.Debug|iPhoneSimulator.ActiveCfg = Debug|Any CPU
		{D06157C7-7F7F-4811-9AB5-36E626B5EDB9}.Debug|Mixed Platforms.ActiveCfg = Debug|Any CPU
		{D06157C7-7F7F-4811-9AB5-36E626B5EDB9}.Debug|Mixed Platforms.Build.0 = Debug|Any CPU
		{D06157C7-7F7F-4811-9AB5-36E626B5EDB9}.Release|Any CPU.ActiveCfg = Release|Any CPU
		{D06157C7-7F7F-4811-9AB5-36E626B5EDB9}.Release|Any CPU.Build.0 = Release|Any CPU
		{D06157C7-7F7F-4811-9AB5-36E626B5EDB9}.Release|iPhone.ActiveCfg = Release|Any CPU
		{D06157C7-7F7F-4811-9AB5-36E626B5EDB9}.Release|iPhoneSimulator.ActiveCfg = Release|Any CPU
		{D06157C7-7F7F-4811-9AB5-36E626B5EDB9}.Release|Mixed Platforms.ActiveCfg = Release|Any CPU
		{D06157C7-7F7F-4811-9AB5-36E626B5EDB9}.Release|Mixed Platforms.Build.0 = Release|Any CPU
		{F964BDFC-0556-4144-9868-E2103AAFA777}.Ad-Hoc|Any CPU.ActiveCfg = Ad-Hoc|iPhone
		{F964BDFC-0556-4144-9868-E2103AAFA777}.Ad-Hoc|iPhone.ActiveCfg = Ad-Hoc|iPhone
		{F964BDFC-0556-4144-9868-E2103AAFA777}.Ad-Hoc|iPhone.Build.0 = Ad-Hoc|iPhone
		{F964BDFC-0556-4144-9868-E2103AAFA777}.Ad-Hoc|iPhone.Deploy.0 = Ad-Hoc|iPhone
		{F964BDFC-0556-4144-9868-E2103AAFA777}.Ad-Hoc|iPhoneSimulator.ActiveCfg = Ad-Hoc|iPhoneSimulator
		{F964BDFC-0556-4144-9868-E2103AAFA777}.Ad-Hoc|iPhoneSimulator.Build.0 = Ad-Hoc|iPhoneSimulator
		{F964BDFC-0556-4144-9868-E2103AAFA777}.Ad-Hoc|iPhoneSimulator.Deploy.0 = Ad-Hoc|iPhoneSimulator
		{F964BDFC-0556-4144-9868-E2103AAFA777}.Ad-Hoc|Mixed Platforms.ActiveCfg = Ad-Hoc|iPhone
		{F964BDFC-0556-4144-9868-E2103AAFA777}.Ad-Hoc|Mixed Platforms.Build.0 = Ad-Hoc|iPhone
		{F964BDFC-0556-4144-9868-E2103AAFA777}.Ad-Hoc|Mixed Platforms.Deploy.0 = Ad-Hoc|iPhone
		{F964BDFC-0556-4144-9868-E2103AAFA777}.AppStore|Any CPU.ActiveCfg = AppStore|iPhone
		{F964BDFC-0556-4144-9868-E2103AAFA777}.AppStore|iPhone.ActiveCfg = AppStore|iPhone
		{F964BDFC-0556-4144-9868-E2103AAFA777}.AppStore|iPhone.Build.0 = AppStore|iPhone
		{F964BDFC-0556-4144-9868-E2103AAFA777}.AppStore|iPhone.Deploy.0 = AppStore|iPhone
		{F964BDFC-0556-4144-9868-E2103AAFA777}.AppStore|iPhoneSimulator.ActiveCfg = AppStore|iPhoneSimulator
		{F964BDFC-0556-4144-9868-E2103AAFA777}.AppStore|iPhoneSimulator.Build.0 = AppStore|iPhoneSimulator
		{F964BDFC-0556-4144-9868-E2103AAFA777}.AppStore|iPhoneSimulator.Deploy.0 = AppStore|iPhoneSimulator
		{F964BDFC-0556-4144-9868-E2103AAFA777}.AppStore|Mixed Platforms.ActiveCfg = AppStore|iPhone
		{F964BDFC-0556-4144-9868-E2103AAFA777}.AppStore|Mixed Platforms.Build.0 = AppStore|iPhone
		{F964BDFC-0556-4144-9868-E2103AAFA777}.AppStore|Mixed Platforms.Deploy.0 = AppStore|iPhone
		{F964BDFC-0556-4144-9868-E2103AAFA777}.Debug|Any CPU.ActiveCfg = Debug|iPhoneSimulator
		{F964BDFC-0556-4144-9868-E2103AAFA777}.Debug|Any CPU.Build.0 = Debug|iPhoneSimulator
		{F964BDFC-0556-4144-9868-E2103AAFA777}.Debug|iPhone.ActiveCfg = Debug|iPhone
		{F964BDFC-0556-4144-9868-E2103AAFA777}.Debug|iPhone.Build.0 = Debug|iPhone
		{F964BDFC-0556-4144-9868-E2103AAFA777}.Debug|iPhone.Deploy.0 = Debug|iPhone
		{F964BDFC-0556-4144-9868-E2103AAFA777}.Debug|iPhoneSimulator.ActiveCfg = Debug|iPhoneSimulator
		{F964BDFC-0556-4144-9868-E2103AAFA777}.Debug|iPhoneSimulator.Build.0 = Debug|iPhoneSimulator
		{F964BDFC-0556-4144-9868-E2103AAFA777}.Debug|iPhoneSimulator.Deploy.0 = Debug|iPhoneSimulator
		{F964BDFC-0556-4144-9868-E2103AAFA777}.Debug|Mixed Platforms.ActiveCfg = Debug|iPhone
		{F964BDFC-0556-4144-9868-E2103AAFA777}.Debug|Mixed Platforms.Build.0 = Debug|iPhone
		{F964BDFC-0556-4144-9868-E2103AAFA777}.Debug|Mixed Platforms.Deploy.0 = Debug|iPhone
		{F964BDFC-0556-4144-9868-E2103AAFA777}.Release|Any CPU.ActiveCfg = Release|iPhone
		{F964BDFC-0556-4144-9868-E2103AAFA777}.Release|iPhone.ActiveCfg = Release|iPhone
		{F964BDFC-0556-4144-9868-E2103AAFA777}.Release|iPhone.Build.0 = Release|iPhone
		{F964BDFC-0556-4144-9868-E2103AAFA777}.Release|iPhone.Deploy.0 = Release|iPhone
		{F964BDFC-0556-4144-9868-E2103AAFA777}.Release|iPhoneSimulator.ActiveCfg = Release|iPhoneSimulator
		{F964BDFC-0556-4144-9868-E2103AAFA777}.Release|iPhoneSimulator.Build.0 = Release|iPhoneSimulator
		{F964BDFC-0556-4144-9868-E2103AAFA777}.Release|iPhoneSimulator.Deploy.0 = Release|iPhoneSimulator
		{F964BDFC-0556-4144-9868-E2103AAFA777}.Release|Mixed Platforms.ActiveCfg = Release|iPhone
		{F964BDFC-0556-4144-9868-E2103AAFA777}.Release|Mixed Platforms.Build.0 = Release|iPhone
		{F964BDFC-0556-4144-9868-E2103AAFA777}.Release|Mixed Platforms.Deploy.0 = Release|iPhone
	EndGlobalSection
	GlobalSection(NestedProjects) = preSolution
		{F964BDFC-0556-4144-9868-E2103AAFA777} = {BA4F52FA-E3B4-49B3-90DC-50C09307EFA7}
	EndGlobalSection
	GlobalSection(MonoDevelopProperties) = preSolution
		StartupItem = Jifs.iOS\Jifs.iOS.csproj
		Policies = $0
		$0.DotNetNamingPolicy = $1
		$1.DirectoryNamespaceAssociation = Hierarchical
		$1.ResourceNamePolicy = FileFormatDefault
	EndGlobalSection
	GlobalSection(SolutionProperties) = preSolution
		HideSolutionNode = FALSE
	EndGlobalSection
EndGlobal
